
Microsoft Visual Studio Solution File, Format Version 12.00
# Visual Studio 14
VisualStudioVersion = 14.0.23107.0
MinimumVisualStudioVersion = 10.0.40219.1
Project("{FAE04EC0-301F-11D3-BF4B-00C04F79EFBC}") = "Shell", "Shell\Shell.csproj", "{1EBC1E08-31C6-45D4-B5F3-29418B2E9D27}"
EndProject
Project("{FAE04EC0-301F-11D3-BF4B-00C04F79EFBC}") = "PsySoul.Core", "PsySoul.Core\PsySoul.Core.csproj", "{85111BB5-594D-46D8-A0DF-25C78382BAC3}"
EndProject
Global
	GlobalSection(SolutionConfigurationPlatforms) = preSolution
		Debug|Any CPU = Debug|Any CPU
		Release|Any CPU = Release|Any CPU
	EndGlobalSection
	GlobalSection(ProjectConfigurationPlatforms) = postSolution
		{1EBC1E08-31C6-45D4-B5F3-29418B2E9D27}.Debug|Any CPU.ActiveCfg = Debug|Any CPU
		{1EBC1E08-31C6-45D4-B5F3-29418B2E9D27}.Debug|Any CPU.Build.0 = Debug|Any CPU
		{1EBC1E08-31C6-45D4-B5F3-29418B2E9D27}.Release|Any CPU.ActiveCfg = Release|Any CPU
		{1EBC1E08-31C6-45D4-B5F3-29418B2E9D27}.Release|Any CPU.Build.0 = Release|Any CPU
		{85111BB5-594D-46D8-A0DF-25C78382BAC3}.Debug|Any CPU.ActiveCfg = Debug|Any CPU
		{85111BB5-594D-46D8-A0DF-25C78382BAC3}.Debug|Any CPU.Build.0 = Debug|Any CPU
		{85111BB5-594D-46D8-A0DF-25C78382BAC3}.Release|Any CPU.ActiveCfg = Release|Any CPU
		{85111BB5-594D-46D8-A0DF-25C78382BAC3}.Release|Any CPU.Build.0 = Release|Any CPU
	EndGlobalSection
	GlobalSection(SolutionProperties) = preSolution
		HideSolutionNode = FALSE
	EndGlobalSection
EndGlobal
